
Microsoft Visual Studio Solution File, Format Version 12.00
# Visual Studio Version 16
VisualStudioVersion = 16.0.32413.511
MinimumVisualStudioVersion = 10.0.40219.1
Project("{FAE04EC0-301F-11D3-BF4B-00C04F79EFBC}") = "POO2", "EstudianteProfesorTest\POO2.csproj", "{50E3F7E7-9A77-4AEC-A6DF-0531FE44180F}"
EndProject
Global
	GlobalSection(SolutionConfigurationPlatforms) = preSolution
		Debug|Any CPU = Debug|Any CPU
		Release|Any CPU = Release|Any CPU
	EndGlobalSection
	GlobalSection(ProjectConfigurationPlatforms) = postSolution
		{50E3F7E7-9A77-4AEC-A6DF-0531FE44180F}.Debug|Any CPU.ActiveCfg = Debug|Any CPU
		{50E3F7E7-9A77-4AEC-A6DF-0531FE44180F}.Debug|Any CPU.Build.0 = Debug|Any CPU
		{50E3F7E7-9A77-4AEC-A6DF-0531FE44180F}.Release|Any CPU.ActiveCfg = Release|Any CPU
		{50E3F7E7-9A77-4AEC-A6DF-0531FE44180F}.Release|Any CPU.Build.0 = Release|Any CPU
	EndGlobalSection
	GlobalSection(SolutionProperties) = preSolution
		HideSolutionNode = FALSE
	EndGlobalSection
	GlobalSection(ExtensibilityGlobals) = postSolution
		SolutionGuid = {E86B6F13-44D0-48DF-B1B2-F8A35167F607}
	EndGlobalSection
EndGlobal
